# This file was autogenerated by Stack.
# You should not edit this file by hand.
# For more information, please see the documentation at:
#   https://docs.haskellstack.org/en/stable/lock_files

packages:
- completed:
    hackage: bytestring-to-vector-0.3.0.1@sha256:fb902424b3fdcc31a4b37b9071a5fa224c07f044df8b411fa1a5c2373ff30d7f,1689
    pantry-tree:
      size: 445
      sha256: c43b610cdf84a7e7956a038496401274b8f25773847d463d83c65caba6add23e
  original:
    hackage: bytestring-to-vector-0.3.0.1
snapshots:
- completed:
    size: 523700
    url: https://raw.githubusercontent.com/commercialhaskell/stackage-snapshots/master/lts/14/7.yaml
    sha256: 8e3f3c894be74d71fa4bf085e0a8baae7e4d7622d07ea31a52736b80f8b9bb1a
  original: lts-14.7
