# This file was autogenerated by Stack.
# You should not edit this file by hand.
# For more information, please see the documentation at:
#   https://docs.haskellstack.org/en/stable/lock_files

packages:
- completed:
    hackage: bytestring-to-vector-0.3.0.1@sha256:fb902424b3fdcc31a4b37b9071a5fa224c07f044df8b411fa1a5c2373ff30d7f,1689
    pantry-tree:
      size: 445
      sha256: c43b610cdf84a7e7956a038496401274b8f25773847d463d83c65caba6add23e
  original:
    hackage: bytestring-to-vector-0.3.0.1
snapshots:
- completed:
    size: 496647
    url: https://raw.githubusercontent.com/commercialhaskell/stackage-snapshots/master/lts/13/13.yaml
    sha256: 9b6d3d0574b5059b411f64730960ad994df84e1cfe33b1931bf5fa2eafb1ff91
  original: lts-13.13
